
Microsoft Visual Studio Solution File, Format Version 12.00
# Visual Studio 15
VisualStudioVersion = 15.0.26730.16
MinimumVisualStudioVersion = 10.0.40219.1
Project("{FAE04EC0-301F-11D3-BF4B-00C04F79EFBC}") = "LightData.CMS", "..\source\LightData.CMS\LightData.CMS.csproj", "{DAC723CE-F225-4007-8DDC-C7138C7D8278}"
EndProject
Project("{9A19103F-16F7-4668-BE54-9A1E7A4F7556}") = "LightData.CMS.Modules", "..\source\LightData.CMS.Modules\LightData.CMS.Modules.csproj", "{3DDF3EF8-5AEF-4204-8699-07719BCF0EC2}"
EndProject
Project("{FAE04EC0-301F-11D3-BF4B-00C04F79EFBC}") = "LightData.Auth", "..\source\LightData.Auth\LightData.Auth.csproj", "{B6BC282D-4C06-4E48-9700-9ED17A82C7E4}"
EndProject
Project("{9A19103F-16F7-4668-BE54-9A1E7A4F7556}") = "Generic.LightDataTable", "..\..\LightDataTable.Core\source\LightDataTable.Core\Generic.LightDataTable.csproj", "{241B25F3-DED5-42A8-8038-D7D92C5F4AC9}"
EndProject
Global
	GlobalSection(SolutionConfigurationPlatforms) = preSolution
		Debug|Any CPU = Debug|Any CPU
		Release|Any CPU = Release|Any CPU
	EndGlobalSection
	GlobalSection(ProjectConfigurationPlatforms) = postSolution
		{DAC723CE-F225-4007-8DDC-C7138C7D8278}.Debug|Any CPU.ActiveCfg = Debug|Any CPU
		{DAC723CE-F225-4007-8DDC-C7138C7D8278}.Debug|Any CPU.Build.0 = Debug|Any CPU
		{DAC723CE-F225-4007-8DDC-C7138C7D8278}.Release|Any CPU.ActiveCfg = Release|Any CPU
		{DAC723CE-F225-4007-8DDC-C7138C7D8278}.Release|Any CPU.Build.0 = Release|Any CPU
		{3DDF3EF8-5AEF-4204-8699-07719BCF0EC2}.Debug|Any CPU.ActiveCfg = Debug|Any CPU
		{3DDF3EF8-5AEF-4204-8699-07719BCF0EC2}.Debug|Any CPU.Build.0 = Debug|Any CPU
		{3DDF3EF8-5AEF-4204-8699-07719BCF0EC2}.Release|Any CPU.ActiveCfg = Release|Any CPU
		{3DDF3EF8-5AEF-4204-8699-07719BCF0EC2}.Release|Any CPU.Build.0 = Release|Any CPU
		{B6BC282D-4C06-4E48-9700-9ED17A82C7E4}.Debug|Any CPU.ActiveCfg = Debug|Any CPU
		{B6BC282D-4C06-4E48-9700-9ED17A82C7E4}.Debug|Any CPU.Build.0 = Debug|Any CPU
		{B6BC282D-4C06-4E48-9700-9ED17A82C7E4}.Release|Any CPU.ActiveCfg = Release|Any CPU
		{B6BC282D-4C06-4E48-9700-9ED17A82C7E4}.Release|Any CPU.Build.0 = Release|Any CPU
		{241B25F3-DED5-42A8-8038-D7D92C5F4AC9}.Debug|Any CPU.ActiveCfg = Debug|Any CPU
		{241B25F3-DED5-42A8-8038-D7D92C5F4AC9}.Debug|Any CPU.Build.0 = Debug|Any CPU
		{241B25F3-DED5-42A8-8038-D7D92C5F4AC9}.Release|Any CPU.ActiveCfg = Release|Any CPU
		{241B25F3-DED5-42A8-8038-D7D92C5F4AC9}.Release|Any CPU.Build.0 = Release|Any CPU
	EndGlobalSection
	GlobalSection(SolutionProperties) = preSolution
		HideSolutionNode = FALSE
	EndGlobalSection
	GlobalSection(ExtensibilityGlobals) = postSolution
		SolutionGuid = {00F43439-EE1D-4906-9AC0-1D23E897E654}
	EndGlobalSection
EndGlobal
